
Microsoft Visual Studio Solution File, Format Version 12.00
# Visual Studio Version 17
VisualStudioVersion = 17.14.36203.30
MinimumVisualStudioVersion = 10.0.40219.1
Project("{8BC9CEB8-8B4A-11D0-8D11-00A0C91BC942}") = "引用类型", "学习\学习.vcxproj", "{268F88F5-0490-470F-94FF-143A7E37CE3C}"
EndProject
Project("{8BC9CEB8-8B4A-11D0-8D11-00A0C91BC942}") = "2.1顺序表", "2.1顺序表\2.1顺序表.vcxproj", "{32E3D4DC-24FC-45AC-8876-A6E137B6C191}"
EndProject
Project("{8BC9CEB8-8B4A-11D0-8D11-00A0C91BC942}") = "2.2单链表", "2.2链表\2.2链表.vcxproj", "{86CD50A2-2B98-4493-A689-FDE1CACB046A}"
EndProject
Project("{8BC9CEB8-8B4A-11D0-8D11-00A0C91BC942}") = "2.3双链表", "2.3双链表\2.3双链表.vcxproj", "{E050784D-B652-4B6A-8439-1AD9BDA15ADA}"
EndProject
Project("{8BC9CEB8-8B4A-11D0-8D11-00A0C91BC942}") = "2.4循环链表", "2.4循环链表\2.4循环链表.vcxproj", "{70105457-0A48-4451-ACC4-9A65E493A873}"
EndProject
Project("{8BC9CEB8-8B4A-11D0-8D11-00A0C91BC942}") = "2.5静态链表", "2.5静态链表\2.5静态链表.vcxproj", "{A241A076-7FBE-4577-97FA-BF22750CAA3A}"
EndProject
Project("{8BC9CEB8-8B4A-11D0-8D11-00A0C91BC942}") = "3.1顺序栈", "3.1栈\3.1栈.vcxproj", "{1D3C11F2-BB0D-43A9-B27A-B3A8BDCB2228}"
EndProject
Project("{8BC9CEB8-8B4A-11D0-8D11-00A0C91BC942}") = "3.2链栈", "3.2链栈\3.2链栈.vcxproj", "{56844451-9079-4101-B1FF-9C98F43FFC95}"
EndProject
Project("{8BC9CEB8-8B4A-11D0-8D11-00A0C91BC942}") = "3.3顺序队列", "3.3顺序队列\3.3顺序队列.vcxproj", "{7B286B92-ADC2-4B3F-A477-BABC69A85626}"
EndProject
Project("{8BC9CEB8-8B4A-11D0-8D11-00A0C91BC942}") = "3.4链式队列", "3.4链式队列\3.4链式队列.vcxproj", "{313D431D-4107-47C3-AA74-7B551D437133}"
EndProject
Project("{8BC9CEB8-8B4A-11D0-8D11-00A0C91BC942}") = "3.5栈的应用", "3.5栈的应用\3.5栈的应用.vcxproj", "{6F10A5A1-F924-4E69-AC8F-0D1EF1C7BE46}"
EndProject
Project("{8BC9CEB8-8B4A-11D0-8D11-00A0C91BC942}") = "3.6数组", "3.6数组\3.6数组.vcxproj", "{D39016C3-E045-4BA2-8867-97BB575CA2AF}"
EndProject
Project("{8BC9CEB8-8B4A-11D0-8D11-00A0C91BC942}") = "5.1顺序二叉树", "5.1二叉树\5.1二叉树.vcxproj", "{2C56DBA1-CD48-4E38-A243-A06D2759B007}"
EndProject
Project("{8BC9CEB8-8B4A-11D0-8D11-00A0C91BC942}") = "5.4树和森林", "5.4树和森林\5.4树和森林.vcxproj", "{7E500722-CE50-4B3E-B7E5-6759637DDAC7}"
EndProject
Project("{8BC9CEB8-8B4A-11D0-8D11-00A0C91BC942}") = "5.5哈夫曼树", "5.5哈夫曼树\5.5哈夫曼树.vcxproj", "{B281A0B2-B4C0-45E8-A482-BF34640663C9}"
EndProject
Project("{8BC9CEB8-8B4A-11D0-8D11-00A0C91BC942}") = "6.1图", "6.1图\6.1图.vcxproj", "{ACEC078B-F2D0-447E-99B7-5CA4AC55E40D}"
EndProject
Project("{8BC9CEB8-8B4A-11D0-8D11-00A0C91BC942}") = "7.1顺序查找", "7.1顺序查找\7.1顺序查找.vcxproj", "{46E4D929-8BE2-49D8-BDD0-AD898C3ACE3B}"
EndProject
Project("{8BC9CEB8-8B4A-11D0-8D11-00A0C91BC942}") = "7.2折半查找", "7.2折半查找\7.2折半查找.vcxproj", "{1DC1B662-6B6D-4884-89B0-AE91EF845ED8}"
EndProject
Project("{8BC9CEB8-8B4A-11D0-8D11-00A0C91BC942}") = "4.1串的模式匹配算法", "4.1串的模式匹配算法\4.1.vcxproj", "{C6475297-FB7E-4598-9B1A-0D5B3B2567C1}"
EndProject
Project("{8BC9CEB8-8B4A-11D0-8D11-00A0C91BC942}") = "5.3线索二叉树", "5.3线索二叉树\线索二叉树.vcxproj", "{D5E59CAC-87C4-44C6-842C-4D8160F10C9A}"
EndProject
Project("{8BC9CEB8-8B4A-11D0-8D11-00A0C91BC942}") = "5.2链式二叉树", "5.2链式二叉树\5.2链式二叉树1.vcxproj", "{A39BE5DC-0C74-4E29-9397-540960307F8B}"
EndProject
Global
	GlobalSection(SolutionConfigurationPlatforms) = preSolution
		Debug|x64 = Debug|x64
		Debug|x86 = Debug|x86
		Release|x64 = Release|x64
		Release|x86 = Release|x86
	EndGlobalSection
	GlobalSection(ProjectConfigurationPlatforms) = postSolution
		{268F88F5-0490-470F-94FF-143A7E37CE3C}.Debug|x64.ActiveCfg = Debug|x64
		{268F88F5-0490-470F-94FF-143A7E37CE3C}.Debug|x64.Build.0 = Debug|x64
		{268F88F5-0490-470F-94FF-143A7E37CE3C}.Debug|x86.ActiveCfg = Debug|Win32
		{268F88F5-0490-470F-94FF-143A7E37CE3C}.Debug|x86.Build.0 = Debug|Win32
		{268F88F5-0490-470F-94FF-143A7E37CE3C}.Release|x64.ActiveCfg = Release|x64
		{268F88F5-0490-470F-94FF-143A7E37CE3C}.Release|x64.Build.0 = Release|x64
		{268F88F5-0490-470F-94FF-143A7E37CE3C}.Release|x86.ActiveCfg = Release|Win32
		{268F88F5-0490-470F-94FF-143A7E37CE3C}.Release|x86.Build.0 = Release|Win32
		{32E3D4DC-24FC-45AC-8876-A6E137B6C191}.Debug|x64.ActiveCfg = Debug|x64
		{32E3D4DC-24FC-45AC-8876-A6E137B6C191}.Debug|x64.Build.0 = Debug|x64
		{32E3D4DC-24FC-45AC-8876-A6E137B6C191}.Debug|x86.ActiveCfg = Debug|Win32
		{32E3D4DC-24FC-45AC-8876-A6E137B6C191}.Debug|x86.Build.0 = Debug|Win32
		{32E3D4DC-24FC-45AC-8876-A6E137B6C191}.Release|x64.ActiveCfg = Release|x64
		{32E3D4DC-24FC-45AC-8876-A6E137B6C191}.Release|x64.Build.0 = Release|x64
		{32E3D4DC-24FC-45AC-8876-A6E137B6C191}.Release|x86.ActiveCfg = Release|Win32
		{32E3D4DC-24FC-45AC-8876-A6E137B6C191}.Release|x86.Build.0 = Release|Win32
		{86CD50A2-2B98-4493-A689-FDE1CACB046A}.Debug|x64.ActiveCfg = Debug|x64
		{86CD50A2-2B98-4493-A689-FDE1CACB046A}.Debug|x64.Build.0 = Debug|x64
		{86CD50A2-2B98-4493-A689-FDE1CACB046A}.Debug|x86.ActiveCfg = Debug|Win32
		{86CD50A2-2B98-4493-A689-FDE1CACB046A}.Debug|x86.Build.0 = Debug|Win32
		{86CD50A2-2B98-4493-A689-FDE1CACB046A}.Release|x64.ActiveCfg = Release|x64
		{86CD50A2-2B98-4493-A689-FDE1CACB046A}.Release|x64.Build.0 = Release|x64
		{86CD50A2-2B98-4493-A689-FDE1CACB046A}.Release|x86.ActiveCfg = Release|Win32
		{86CD50A2-2B98-4493-A689-FDE1CACB046A}.Release|x86.Build.0 = Release|Win32
		{E050784D-B652-4B6A-8439-1AD9BDA15ADA}.Debug|x64.ActiveCfg = Debug|x64
		{E050784D-B652-4B6A-8439-1AD9BDA15ADA}.Debug|x64.Build.0 = Debug|x64
		{E050784D-B652-4B6A-8439-1AD9BDA15ADA}.Debug|x86.ActiveCfg = Debug|Win32
		{E050784D-B652-4B6A-8439-1AD9BDA15ADA}.Debug|x86.Build.0 = Debug|Win32
		{E050784D-B652-4B6A-8439-1AD9BDA15ADA}.Release|x64.ActiveCfg = Release|x64
		{E050784D-B652-4B6A-8439-1AD9BDA15ADA}.Release|x64.Build.0 = Release|x64
		{E050784D-B652-4B6A-8439-1AD9BDA15ADA}.Release|x86.ActiveCfg = Release|Win32
		{E050784D-B652-4B6A-8439-1AD9BDA15ADA}.Release|x86.Build.0 = Release|Win32
		{70105457-0A48-4451-ACC4-9A65E493A873}.Debug|x64.ActiveCfg = Debug|x64
		{70105457-0A48-4451-ACC4-9A65E493A873}.Debug|x64.Build.0 = Debug|x64
		{70105457-0A48-4451-ACC4-9A65E493A873}.Debug|x86.ActiveCfg = Debug|Win32
		{70105457-0A48-4451-ACC4-9A65E493A873}.Debug|x86.Build.0 = Debug|Win32
		{70105457-0A48-4451-ACC4-9A65E493A873}.Release|x64.ActiveCfg = Release|x64
		{70105457-0A48-4451-ACC4-9A65E493A873}.Release|x64.Build.0 = Release|x64
		{70105457-0A48-4451-ACC4-9A65E493A873}.Release|x86.ActiveCfg = Release|Win32
		{70105457-0A48-4451-ACC4-9A65E493A873}.Release|x86.Build.0 = Release|Win32
		{A241A076-7FBE-4577-97FA-BF22750CAA3A}.Debug|x64.ActiveCfg = Debug|x64
		{A241A076-7FBE-4577-97FA-BF22750CAA3A}.Debug|x64.Build.0 = Debug|x64
		{A241A076-7FBE-4577-97FA-BF22750CAA3A}.Debug|x86.ActiveCfg = Debug|Win32
		{A241A076-7FBE-4577-97FA-BF22750CAA3A}.Debug|x86.Build.0 = Debug|Win32
		{A241A076-7FBE-4577-97FA-BF22750CAA3A}.Release|x64.ActiveCfg = Release|x64
		{A241A076-7FBE-4577-97FA-BF22750CAA3A}.Release|x64.Build.0 = Release|x64
		{A241A076-7FBE-4577-97FA-BF22750CAA3A}.Release|x86.ActiveCfg = Release|Win32
		{A241A076-7FBE-4577-97FA-BF22750CAA3A}.Release|x86.Build.0 = Release|Win32
		{1D3C11F2-BB0D-43A9-B27A-B3A8BDCB2228}.Debug|x64.ActiveCfg = Debug|x64
		{1D3C11F2-BB0D-43A9-B27A-B3A8BDCB2228}.Debug|x64.Build.0 = Debug|x64
		{1D3C11F2-BB0D-43A9-B27A-B3A8BDCB2228}.Debug|x86.ActiveCfg = Debug|Win32
		{1D3C11F2-BB0D-43A9-B27A-B3A8BDCB2228}.Debug|x86.Build.0 = Debug|Win32
		{1D3C11F2-BB0D-43A9-B27A-B3A8BDCB2228}.Release|x64.ActiveCfg = Release|x64
		{1D3C11F2-BB0D-43A9-B27A-B3A8BDCB2228}.Release|x64.Build.0 = Release|x64
		{1D3C11F2-BB0D-43A9-B27A-B3A8BDCB2228}.Release|x86.ActiveCfg = Release|Win32
		{1D3C11F2-BB0D-43A9-B27A-B3A8BDCB2228}.Release|x86.Build.0 = Release|Win32
		{56844451-9079-4101-B1FF-9C98F43FFC95}.Debug|x64.ActiveCfg = Debug|x64
		{56844451-9079-4101-B1FF-9C98F43FFC95}.Debug|x64.Build.0 = Debug|x64
		{56844451-9079-4101-B1FF-9C98F43FFC95}.Debug|x86.ActiveCfg = Debug|Win32
		{56844451-9079-4101-B1FF-9C98F43FFC95}.Debug|x86.Build.0 = Debug|Win32
		{56844451-9079-4101-B1FF-9C98F43FFC95}.Release|x64.ActiveCfg = Release|x64
		{56844451-9079-4101-B1FF-9C98F43FFC95}.Release|x64.Build.0 = Release|x64
		{56844451-9079-4101-B1FF-9C98F43FFC95}.Release|x86.ActiveCfg = Release|Win32
		{56844451-9079-4101-B1FF-9C98F43FFC95}.Release|x86.Build.0 = Release|Win32
		{7B286B92-ADC2-4B3F-A477-BABC69A85626}.Debug|x64.ActiveCfg = Debug|x64
		{7B286B92-ADC2-4B3F-A477-BABC69A85626}.Debug|x64.Build.0 = Debug|x64
		{7B286B92-ADC2-4B3F-A477-BABC69A85626}.Debug|x86.ActiveCfg = Debug|Win32
		{7B286B92-ADC2-4B3F-A477-BABC69A85626}.Debug|x86.Build.0 = Debug|Win32
		{7B286B92-ADC2-4B3F-A477-BABC69A85626}.Release|x64.ActiveCfg = Release|x64
		{7B286B92-ADC2-4B3F-A477-BABC69A85626}.Release|x64.Build.0 = Release|x64
		{7B286B92-ADC2-4B3F-A477-BABC69A85626}.Release|x86.ActiveCfg = Release|Win32
		{7B286B92-ADC2-4B3F-A477-BABC69A85626}.Release|x86.Build.0 = Release|Win32
		{313D431D-4107-47C3-AA74-7B551D437133}.Debug|x64.ActiveCfg = Debug|x64
		{313D431D-4107-47C3-AA74-7B551D437133}.Debug|x64.Build.0 = Debug|x64
		{313D431D-4107-47C3-AA74-7B551D437133}.Debug|x86.ActiveCfg = Debug|Win32
		{313D431D-4107-47C3-AA74-7B551D437133}.Debug|x86.Build.0 = Debug|Win32
		{313D431D-4107-47C3-AA74-7B551D437133}.Release|x64.ActiveCfg = Release|x64
		{313D431D-4107-47C3-AA74-7B551D437133}.Release|x64.Build.0 = Release|x64
		{313D431D-4107-47C3-AA74-7B551D437133}.Release|x86.ActiveCfg = Release|Win32
		{313D431D-4107-47C3-AA74-7B551D437133}.Release|x86.Build.0 = Release|Win32
		{6F10A5A1-F924-4E69-AC8F-0D1EF1C7BE46}.Debug|x64.ActiveCfg = Debug|x64
		{6F10A5A1-F924-4E69-AC8F-0D1EF1C7BE46}.Debug|x64.Build.0 = Debug|x64
		{6F10A5A1-F924-4E69-AC8F-0D1EF1C7BE46}.Debug|x86.ActiveCfg = Debug|Win32
		{6F10A5A1-F924-4E69-AC8F-0D1EF1C7BE46}.Debug|x86.Build.0 = Debug|Win32
		{6F10A5A1-F924-4E69-AC8F-0D1EF1C7BE46}.Release|x64.ActiveCfg = Release|x64
		{6F10A5A1-F924-4E69-AC8F-0D1EF1C7BE46}.Release|x64.Build.0 = Release|x64
		{6F10A5A1-F924-4E69-AC8F-0D1EF1C7BE46}.Release|x86.ActiveCfg = Release|Win32
		{6F10A5A1-F924-4E69-AC8F-0D1EF1C7BE46}.Release|x86.Build.0 = Release|Win32
		{D39016C3-E045-4BA2-8867-97BB575CA2AF}.Debug|x64.ActiveCfg = Debug|x64
		{D39016C3-E045-4BA2-8867-97BB575CA2AF}.Debug|x64.Build.0 = Debug|x64
		{D39016C3-E045-4BA2-8867-97BB575CA2AF}.Debug|x86.ActiveCfg = Debug|Win32
		{D39016C3-E045-4BA2-8867-97BB575CA2AF}.Debug|x86.Build.0 = Debug|Win32
		{D39016C3-E045-4BA2-8867-97BB575CA2AF}.Release|x64.ActiveCfg = Release|x64
		{D39016C3-E045-4BA2-8867-97BB575CA2AF}.Release|x64.Build.0 = Release|x64
		{D39016C3-E045-4BA2-8867-97BB575CA2AF}.Release|x86.ActiveCfg = Release|Win32
		{D39016C3-E045-4BA2-8867-97BB575CA2AF}.Release|x86.Build.0 = Release|Win32
		{2C56DBA1-CD48-4E38-A243-A06D2759B007}.Debug|x64.ActiveCfg = Debug|x64
		{2C56DBA1-CD48-4E38-A243-A06D2759B007}.Debug|x64.Build.0 = Debug|x64
		{2C56DBA1-CD48-4E38-A243-A06D2759B007}.Debug|x86.ActiveCfg = Debug|Win32
		{2C56DBA1-CD48-4E38-A243-A06D2759B007}.Debug|x86.Build.0 = Debug|Win32
		{2C56DBA1-CD48-4E38-A243-A06D2759B007}.Release|x64.ActiveCfg = Release|x64
		{2C56DBA1-CD48-4E38-A243-A06D2759B007}.Release|x64.Build.0 = Release|x64
		{2C56DBA1-CD48-4E38-A243-A06D2759B007}.Release|x86.ActiveCfg = Release|Win32
		{2C56DBA1-CD48-4E38-A243-A06D2759B007}.Release|x86.Build.0 = Release|Win32
		{7E500722-CE50-4B3E-B7E5-6759637DDAC7}.Debug|x64.ActiveCfg = Debug|x64
		{7E500722-CE50-4B3E-B7E5-6759637DDAC7}.Debug|x64.Build.0 = Debug|x64
		{7E500722-CE50-4B3E-B7E5-6759637DDAC7}.Debug|x86.ActiveCfg = Debug|Win32
		{7E500722-CE50-4B3E-B7E5-6759637DDAC7}.Debug|x86.Build.0 = Debug|Win32
		{7E500722-CE50-4B3E-B7E5-6759637DDAC7}.Release|x64.ActiveCfg = Release|x64
		{7E500722-CE50-4B3E-B7E5-6759637DDAC7}.Release|x64.Build.0 = Release|x64
		{7E500722-CE50-4B3E-B7E5-6759637DDAC7}.Release|x86.ActiveCfg = Release|Win32
		{7E500722-CE50-4B3E-B7E5-6759637DDAC7}.Release|x86.Build.0 = Release|Win32
		{B281A0B2-B4C0-45E8-A482-BF34640663C9}.Debug|x64.ActiveCfg = Debug|x64
		{B281A0B2-B4C0-45E8-A482-BF34640663C9}.Debug|x64.Build.0 = Debug|x64
		{B281A0B2-B4C0-45E8-A482-BF34640663C9}.Debug|x86.ActiveCfg = Debug|Win32
		{B281A0B2-B4C0-45E8-A482-BF34640663C9}.Debug|x86.Build.0 = Debug|Win32
		{B281A0B2-B4C0-45E8-A482-BF34640663C9}.Release|x64.ActiveCfg = Release|x64
		{B281A0B2-B4C0-45E8-A482-BF34640663C9}.Release|x64.Build.0 = Release|x64
		{B281A0B2-B4C0-45E8-A482-BF34640663C9}.Release|x86.ActiveCfg = Release|Win32
		{B281A0B2-B4C0-45E8-A482-BF34640663C9}.Release|x86.Build.0 = Release|Win32
		{ACEC078B-F2D0-447E-99B7-5CA4AC55E40D}.Debug|x64.ActiveCfg = Debug|x64
		{ACEC078B-F2D0-447E-99B7-5CA4AC55E40D}.Debug|x64.Build.0 = Debug|x64
		{ACEC078B-F2D0-447E-99B7-5CA4AC55E40D}.Debug|x86.ActiveCfg = Debug|Win32
		{ACEC078B-F2D0-447E-99B7-5CA4AC55E40D}.Debug|x86.Build.0 = Debug|Win32
		{ACEC078B-F2D0-447E-99B7-5CA4AC55E40D}.Release|x64.ActiveCfg = Release|x64
		{ACEC078B-F2D0-447E-99B7-5CA4AC55E40D}.Release|x64.Build.0 = Release|x64
		{ACEC078B-F2D0-447E-99B7-5CA4AC55E40D}.Release|x86.ActiveCfg = Release|Win32
		{ACEC078B-F2D0-447E-99B7-5CA4AC55E40D}.Release|x86.Build.0 = Release|Win32
		{46E4D929-8BE2-49D8-BDD0-AD898C3ACE3B}.Debug|x64.ActiveCfg = Debug|x64
		{46E4D929-8BE2-49D8-BDD0-AD898C3ACE3B}.Debug|x64.Build.0 = Debug|x64
		{46E4D929-8BE2-49D8-BDD0-AD898C3ACE3B}.Debug|x86.ActiveCfg = Debug|Win32
		{46E4D929-8BE2-49D8-BDD0-AD898C3ACE3B}.Debug|x86.Build.0 = Debug|Win32
		{46E4D929-8BE2-49D8-BDD0-AD898C3ACE3B}.Release|x64.ActiveCfg = Release|x64
		{46E4D929-8BE2-49D8-BDD0-AD898C3ACE3B}.Release|x64.Build.0 = Release|x64
		{46E4D929-8BE2-49D8-BDD0-AD898C3ACE3B}.Release|x86.ActiveCfg = Release|Win32
		{46E4D929-8BE2-49D8-BDD0-AD898C3ACE3B}.Release|x86.Build.0 = Release|Win32
		{1DC1B662-6B6D-4884-89B0-AE91EF845ED8}.Debug|x64.ActiveCfg = Debug|x64
		{1DC1B662-6B6D-4884-89B0-AE91EF845ED8}.Debug|x64.Build.0 = Debug|x64
		{1DC1B662-6B6D-4884-89B0-AE91EF845ED8}.Debug|x86.ActiveCfg = Debug|Win32
		{1DC1B662-6B6D-4884-89B0-AE91EF845ED8}.Debug|x86.Build.0 = Debug|Win32
		{1DC1B662-6B6D-4884-89B0-AE91EF845ED8}.Release|x64.ActiveCfg = Release|x64
		{1DC1B662-6B6D-4884-89B0-AE91EF845ED8}.Release|x64.Build.0 = Release|x64
		{1DC1B662-6B6D-4884-89B0-AE91EF845ED8}.Release|x86.ActiveCfg = Release|Win32
		{1DC1B662-6B6D-4884-89B0-AE91EF845ED8}.Release|x86.Build.0 = Release|Win32
		{C6475297-FB7E-4598-9B1A-0D5B3B2567C1}.Debug|x64.ActiveCfg = Debug|x64
		{C6475297-FB7E-4598-9B1A-0D5B3B2567C1}.Debug|x64.Build.0 = Debug|x64
		{C6475297-FB7E-4598-9B1A-0D5B3B2567C1}.Debug|x86.ActiveCfg = Debug|Win32
		{C6475297-FB7E-4598-9B1A-0D5B3B2567C1}.Debug|x86.Build.0 = Debug|Win32
		{C6475297-FB7E-4598-9B1A-0D5B3B2567C1}.Release|x64.ActiveCfg = Release|x64
		{C6475297-FB7E-4598-9B1A-0D5B3B2567C1}.Release|x64.Build.0 = Release|x64
		{C6475297-FB7E-4598-9B1A-0D5B3B2567C1}.Release|x86.ActiveCfg = Release|Win32
		{C6475297-FB7E-4598-9B1A-0D5B3B2567C1}.Release|x86.Build.0 = Release|Win32
		{D5E59CAC-87C4-44C6-842C-4D8160F10C9A}.Debug|x64.ActiveCfg = Debug|x64
		{D5E59CAC-87C4-44C6-842C-4D8160F10C9A}.Debug|x64.Build.0 = Debug|x64
		{D5E59CAC-87C4-44C6-842C-4D8160F10C9A}.Debug|x86.ActiveCfg = Debug|Win32
		{D5E59CAC-87C4-44C6-842C-4D8160F10C9A}.Debug|x86.Build.0 = Debug|Win32
		{D5E59CAC-87C4-44C6-842C-4D8160F10C9A}.Release|x64.ActiveCfg = Release|x64
		{D5E59CAC-87C4-44C6-842C-4D8160F10C9A}.Release|x64.Build.0 = Release|x64
		{D5E59CAC-87C4-44C6-842C-4D8160F10C9A}.Release|x86.ActiveCfg = Release|Win32
		{D5E59CAC-87C4-44C6-842C-4D8160F10C9A}.Release|x86.Build.0 = Release|Win32
		{A39BE5DC-0C74-4E29-9397-540960307F8B}.Debug|x64.ActiveCfg = Debug|x64
		{A39BE5DC-0C74-4E29-9397-540960307F8B}.Debug|x64.Build.0 = Debug|x64
		{A39BE5DC-0C74-4E29-9397-540960307F8B}.Debug|x86.ActiveCfg = Debug|Win32
		{A39BE5DC-0C74-4E29-9397-540960307F8B}.Debug|x86.Build.0 = Debug|Win32
		{A39BE5DC-0C74-4E29-9397-540960307F8B}.Release|x64.ActiveCfg = Release|x64
		{A39BE5DC-0C74-4E29-9397-540960307F8B}.Release|x64.Build.0 = Release|x64
		{A39BE5DC-0C74-4E29-9397-540960307F8B}.Release|x86.ActiveCfg = Release|Win32
		{A39BE5DC-0C74-4E29-9397-540960307F8B}.Release|x86.Build.0 = Release|Win32
	EndGlobalSection
	GlobalSection(SolutionProperties) = preSolution
		HideSolutionNode = FALSE
	EndGlobalSection
	GlobalSection(ExtensibilityGlobals) = postSolution
		SolutionGuid = {84675CD4-6948-4C97-9DB9-72EF996C08A6}
	EndGlobalSection
EndGlobal
